
Microsoft Visual Studio Solution File, Format Version 12.00
# Visual Studio Version 17
VisualStudioVersion = 17.5.33627.172
MinimumVisualStudioVersion = 10.0.40219.1
Project("{9A19103F-16F7-4668-BE54-9A1E7A4F7556}") = "Deribit", "Deribit\Deribit.csproj", "{B3A5B78C-D6C0-4402-AC00-B8215BB4ECB8}"
EndProject
Project("{FAE04EC0-301F-11D3-BF4B-00C04F79EFBC}") = "DeribitLogic", "DeribitLogic\DeribitLogic.csproj", "{D7C5B9FE-A7D6-49C8-B285-D2F50964888B}"
EndProject
Project("{FAE04EC0-301F-11D3-BF4B-00C04F79EFBC}") = "DeribitTests", "DeribitTests\DeribitTests.csproj", "{8258AFFD-A8D5-4043-A5FF-B3F053225936}"
EndProject
Global
	GlobalSection(SolutionConfigurationPlatforms) = preSolution
		Debug|Any CPU = Debug|Any CPU
		Release|Any CPU = Release|Any CPU
	EndGlobalSection
	GlobalSection(ProjectConfigurationPlatforms) = postSolution
		{B3A5B78C-D6C0-4402-AC00-B8215BB4ECB8}.Debug|Any CPU.ActiveCfg = Debug|Any CPU
		{B3A5B78C-D6C0-4402-AC00-B8215BB4ECB8}.Debug|Any CPU.Build.0 = Debug|Any CPU
		{B3A5B78C-D6C0-4402-AC00-B8215BB4ECB8}.Release|Any CPU.ActiveCfg = Release|Any CPU
		{B3A5B78C-D6C0-4402-AC00-B8215BB4ECB8}.Release|Any CPU.Build.0 = Release|Any CPU
		{D7C5B9FE-A7D6-49C8-B285-D2F50964888B}.Debug|Any CPU.ActiveCfg = Debug|Any CPU
		{D7C5B9FE-A7D6-49C8-B285-D2F50964888B}.Debug|Any CPU.Build.0 = Debug|Any CPU
		{D7C5B9FE-A7D6-49C8-B285-D2F50964888B}.Release|Any CPU.ActiveCfg = Release|Any CPU
		{D7C5B9FE-A7D6-49C8-B285-D2F50964888B}.Release|Any CPU.Build.0 = Release|Any CPU
		{8258AFFD-A8D5-4043-A5FF-B3F053225936}.Debug|Any CPU.ActiveCfg = Debug|Any CPU
		{8258AFFD-A8D5-4043-A5FF-B3F053225936}.Debug|Any CPU.Build.0 = Debug|Any CPU
		{8258AFFD-A8D5-4043-A5FF-B3F053225936}.Release|Any CPU.ActiveCfg = Release|Any CPU
		{8258AFFD-A8D5-4043-A5FF-B3F053225936}.Release|Any CPU.Build.0 = Release|Any CPU
	EndGlobalSection
	GlobalSection(SolutionProperties) = preSolution
		HideSolutionNode = FALSE
	EndGlobalSection
	GlobalSection(ExtensibilityGlobals) = postSolution
		SolutionGuid = {2996F21A-E344-491D-A772-9BBE8A0A7302}
	EndGlobalSection
EndGlobal
